// !$*UTF8*$!
{
	archiveVersion = 1;
	classes = {
	};
	objectVersion = 46;
	objects = {

/* Begin PBXBuildFile section */
		C5F4E98E1E950DE000BB108A /* main.m in Sources */ = {isa = PBXBuildFile; fileRef = C5F4E98D1E950DE000BB108A /* main.m */; };
		C5F4E9911E950DE000BB108A /* AppDelegate.m in Sources */ = {isa = PBXBuildFile; fileRef = C5F4E9901E950DE000BB108A /* AppDelegate.m */; };
		C5F4E9941E950DE000BB108A /* ViewController.m in Sources */ = {isa = PBXBuildFile; fileRef = C5F4E9931E950DE000BB108A /* ViewController.m */; };
		C5F4E9971E950DE000BB108A /* Main.storyboard in Resources */ = {isa = PBXBuildFile; fileRef = C5F4E9951E950DE000BB108A /* Main.storyboard */; };
		C5F4E9991E950DE000BB108A /* Assets.xcassets in Resources */ = {isa = PBXBuildFile; fileRef = C5F4E9981E950DE000BB108A /* Assets.xcassets */; };
		C5F4E99C1E950DE000BB108A /* LaunchScreen.storyboard in Resources */ = {isa = PBXBuildFile; fileRef = C5F4E99A1E950DE000BB108A /* LaunchScreen.storyboard */; };
/* End PBXBuildFile section */

/* Begin PBXFileReference section */
		C5F4E9891E950DE000BB108A /* iosrunloop.app */ = {isa = PBXFileReference; explicitFileType = wrapper.application; includeInIndex = 0; path = iosrunloop.app; sourceTree = BUILT_PRODUCTS_DIR; };
		C5F4E98D1E950DE000BB108A /* main.m */ = {isa = PBXFileReference; lastKnownFileType = sourcecode.c.objc; path = main.m; sourceTree = "<group>"; };
		C5F4E98F1E950DE000BB108A /* AppDelegate.h */ = {isa = PBXFileReference; lastKnownFileType = sourcecode.c.h; path = AppDelegate.h; sourceTree = "<group>"; };
		C5F4E9901E950DE000BB108A /* AppDelegate.m */ = {isa = PBXFileReference; lastKnownFileType = sourcecode.c.objc; path = AppDelegate.m; sourceTree = "<group>"; };
		C5F4E9921E950DE000BB108A /* ViewController.h */ = {isa = PBXFileReference; lastKnownFileType = sourcecode.c.h; path = ViewController.h; sourceTree = "<group>"; };
		C5F4E9931E950DE000BB108A /* ViewController.m */ = {isa = PBXFileReference; lastKnownFileType = sourcecode.c.objc; path = ViewController.m; sourceTree = "<group>"; };
		C5F4E9961E950DE000BB108A /* Base */ = {isa = PBXFileReference; lastKnownFileType = file.storyboard; name = Base; path = Base.lproj/Main.storyboard; sourceTree = "<group>"; };
		C5F4E9981E950DE000BB108A /* Assets.xcassets */ = {isa = PBXFileReference; lastKnownFileType = folder.assetcatalog; path = Assets.xcassets; sourceTree = "<group>"; };
		C5F4E99B1E950DE000BB108A /* Base */ = {isa = PBXFileReference; lastKnownFileType = file.storyboard; name = Base; path = Base.lproj/LaunchScreen.storyboard; sourceTree = "<group>"; };
		C5F4E99D1E950DE000BB108A /* Info.plist */ = {isa = PBXFileReference; lastKnownFileType = text.plist.xml; path = Info.plist; sourceTree = "<group>"; };
/* End PBXFileReference section */

/* Begin PBXFrameworksBuildPhase section */
		C5F4E9861E950DE000BB108A /* Frameworks */ = {
			isa = PBXFrameworksBuildPhase;
			buildActionMask = 2147483647;
			files = (
			);
			runOnlyForDeploymentPostprocessing = 0;
		};
/* End PBXFrameworksBuildPhase section */

/* Begin PBXGroup section */
		C5F4E9801E950DE000BB108A = {
			isa = PBXGroup;
			children = (
				C5F4E98B1E950DE000BB108A /* iosrunloop */,
				C5F4E98A1E950DE000BB108A /* Products */,
			);
			sourceTree = "<group>";
		};
		C5F4E98A1E950DE000BB108A /* Products */ = {
			isa = PBXGroup;
			children = (
				C5F4E9891E950DE000BB108A /* iosrunloop.app */,
			);
			name = Products;
			sourceTree = "<group>";
		};
		C5F4E98B1E950DE000BB108A /* iosrunloop */ = {
			isa = PBXGroup;
			children = (
				C5F4E98F1E950DE000BB108A /* AppDelegate.h */,
				C5F4E9901E950DE000BB108A /* AppDelegate.m */,
				C5F4E9921E950DE000BB108A /* ViewController.h */,
				C5F4E9931E950DE000BB108A /* ViewController.m */,
				C5F4E9951E950DE000BB108A /* Main.storyboard */,
				C5F4E9981E950DE000BB108A /* Assets.xcassets */,
				C5F4E99A1E950DE000BB108A /* LaunchScreen.storyboard */,
				C5F4E99D1E950DE000BB108A /* Info.plist */,
				C5F4E98C1E950DE000BB108A /* Supporting Files */,
			);
			path = iosrunloop;
			sourceTree = "<group>";
		};
		C5F4E98C1E950DE000BB108A /* Supporting Files */ = {
			isa = PBXGroup;
			children = (
				C5F4E98D1E950DE000BB108A /* main.m */,
			);
			name = "Supporting Files";
			sourceTree = "<group>";
		};
/* End PBXGroup section */

/* Begin PBXNativeTarget section */
		C5F4E9881E950DE000BB108A /* iosrunloop */ = {
			isa = PBXNativeTarget;
			buildConfigurationList = C5F4E9A01E950DE000BB108A /* Build configuration list for PBXNativeTarget "iosrunloop" */;
			buildPhases = (
				C5F4E9851E950DE000BB108A /* Sources */,
				C5F4E9861E950DE000BB108A /* Frameworks */,
				C5F4E9871E950DE000BB108A /* Resources */,
			);
			buildRules = (
			);
			dependencies = (
			);
			name = iosrunloop;
			productName = iosrunloop;
			productReference = C5F4E9891E950DE000BB108A /* iosrunloop.app */;
			productType = "com.apple.product-type.application";
		};
/* End PBXNativeTarget section */

/* Begin PBXProject section */
		C5F4E9811E950DE000BB108A /* Project object */ = {
			isa = PBXProject;
			attributes = {
				LastUpgradeCheck = 0830;
				ORGANIZATIONNAME = "赵睿";
				TargetAttributes = {
					C5F4E9881E950DE000BB108A = {
						CreatedOnToolsVersion = 8.3;
						DevelopmentTeam = 7HN3FL9R65;
						ProvisioningStyle = Automatic;
					};
				};
			};
			buildConfigurationList = C5F4E9841E950DE000BB108A /* Build configuration list for PBXProject "iosrunloop" */;
			compatibilityVersion = "Xcode 3.2";
			developmentRegion = English;
			hasScannedForEncodings = 0;
			knownRegions = (
				en,
				Base,
			);
			mainGroup = C5F4E9801E950DE000BB108A;
			productRefGroup = C5F4E98A1E950DE000BB108A /* Products */;
			projectDirPath = "";
			projectRoot = "";
			targets = (
				C5F4E9881E950DE000BB108A /* iosrunloop */,
			);
		};
/* End PBXProject section */

/* Begin PBXResourcesBuildPhase section */
		C5F4E9871E950DE000BB108A /* Resources */ = {
			isa = PBXResourcesBuildPhase;
			buildActionMask = 2147483647;
			files = (
				C5F4E99C1E950DE000BB108A /* LaunchScreen.storyboard in Resources */,
				C5F4E9991E950DE000BB108A /* Assets.xcassets in Resources */,
				C5F4E9971E950DE000BB108A /* Main.storyboard in Resources */,
			);
			runOnlyForDeploymentPostprocessing = 0;
		};
/* End PBXResourcesBuildPhase section */

/* Begin PBXSourcesBuildPhase section */
		C5F4E9851E950DE000BB108A /* Sources */ = {
			isa = PBXSourcesBuildPhase;
			buildActionMask = 2147483647;
			files = (
				C5F4E9941E950DE000BB108A /* ViewController.m in Sources */,
				C5F4E9911E950DE000BB108A /* AppDelegate.m in Sources */,
				C5F4E98E1E950DE000BB108A /* main.m in Sources */,
			);
			runOnlyForDeploymentPostprocessing = 0;
		};
/* End PBXSourcesBuildPhase section */

/* Begin PBXVariantGroup section */
		C5F4E9951E950DE000BB108A /* Main.storyboard */ = {
			isa = PBXVariantGroup;
			children = (
				C5F4E9961E950DE000BB108A /* Base */,
			);
			name = Main.storyboard;
			sourceTree = "<group>";
		};
		C5F4E99A1E950DE000BB108A /* LaunchScreen.storyboard */ = {
			isa = PBXVariantGroup;
			children = (
				C5F4E99B1E950DE000BB108A /* Base */,
			);
			name = LaunchScreen.storyboard;
			sourceTree = "<group>";
		};
/* End PBXVariantGroup section */

/* Begin XCBuildConfiguration section */
		C5F4E99E1E950DE000BB108A /* Debug */ = {
			isa = XCBuildConfiguration;
			buildSettings = {
				ALWAYS_SEARCH_USER_PATHS = NO;
				CLANG_ANALYZER_NONNULL = YES;
				CLANG_ANALYZER_NUMBER_OBJECT_CONVERSION = YES_AGGRESSIVE;
				CLANG_CXX_LANGUAGE_STANDARD = "gnu++0x";
				CLANG_CXX_LIBRARY = "libc++";
				CLANG_ENABLE_MODULES = YES;
				CLANG_ENABLE_OBJC_ARC = YES;
				CLANG_WARN_BOOL_CONVERSION = YES;
				CLANG_WARN_CONSTANT_CONVERSION = YES;
				CLANG_WARN_DIRECT_OBJC_ISA_USAGE = YES_ERROR;
				CLANG_WARN_DOCUMENTATION_COMMENTS = YES;
				CLANG_WARN_EMPTY_BODY = YES;
				CLANG_WARN_ENUM_CONVERSION = YES;
				CLANG_WARN_INFINITE_RECURSION = YES;
				CLANG_WARN_INT_CONVERSION = YES;
				CLANG_WARN_OBJC_ROOT_CLASS = YES_ERROR;
				CLANG_WARN_SUSPICIOUS_MOVE = YES;
				CLANG_WARN_UNREACHABLE_CODE = YES;
				CLANG_WARN__DUPLICATE_METHOD_MATCH = YES;
				"CODE_SIGN_IDENTITY[sdk=iphoneos*]" = "iPhone Developer";
				COPY_PHASE_STRIP = NO;
				DEBUG_INFORMATION_FORMAT = dwarf;
				ENABLE_STRICT_OBJC_MSGSEND = YES;
				ENABLE_TESTABILITY = YES;
				GCC_C_LANGUAGE_STANDARD = gnu99;
				GCC_DYNAMIC_NO_PIC = NO;
				GCC_NO_COMMON_BLOCKS = YES;
				GCC_OPTIMIZATION_LEVEL = 0;
				GCC_PREPROCESSOR_DEFINITIONS = (
					"DEBUG=1",
					"$(inherited)",
				);
				GCC_WARN_64_TO_32_BIT_CONVERSION = YES;
				GCC_WARN_ABOUT_RETURN_TYPE = YES_ERROR;
				GCC_WARN_UNDECLARED_SELECTOR = YES;
				GCC_WARN_UNINITIALIZED_AUTOS = YES_AGGRESSIVE;
				GCC_WARN_UNUSED_FUNCTION = YES;
				GCC_WARN_UNUSED_VARIABLE = YES;
				IPHONEOS_DEPLOYMENT_TARGET = 10.3;
				MTL_ENABLE_DEBUG_INFO = YES;
				ONLY_ACTIVE_ARCH = YES;
				SDKROOT = iphoneos;
				TARGETED_DEVICE_FAMILY = "1,2";
			};
			name = Debug;
		};
		C5F4E99F1E950DE000BB108A /* Release */ = {
			isa = XCBuildConfiguration;
			buildSettings = {
				ALWAYS_SEARCH_USER_PATHS = NO;
				CLANG_ANALYZER_NONNULL = YES;
				CLANG_ANALYZER_NUMBER_OBJECT_CONVERSION = YES_AGGRESSIVE;
				CLANG_CXX_LANGUAGE_STANDARD = "gnu++0x";
				CLANG_CXX_LIBRARY = "libc++";
				CLANG_ENABLE_MODULES = YES;
				CLANG_ENABLE_OBJC_ARC = YES;
				CLANG_WARN_BOOL_CONVERSION = YES;
				CLANG_WARN_CONSTANT_CONVERSION = YES;
				CLANG_WARN_DIRECT_OBJC_ISA_USAGE = YES_ERROR;
				CLANG_WARN_DOCUMENTATION_COMMENTS = YES;
				CLANG_WARN_EMPTY_BODY = YES;
				CLANG_WARN_ENUM_CONVERSION = YES;
				CLANG_WARN_INFINITE_RECURSION = YES;
				CLANG_WARN_INT_CONVERSION = YES;
				CLANG_WARN_OBJC_ROOT_CLASS = YES_ERROR;
				CLANG_WARN_SUSPICIOUS_MOVE = YES;
				CLANG_WARN_UNREACHABLE_CODE = YES;
				CLANG_WARN__DUPLICATE_METHOD_MATCH = YES;
				"CODE_SIGN_IDENTITY[sdk=iphoneos*]" = "iPhone Developer";
				COPY_PHASE_STRIP = NO;
				DEBUG_INFORMATION_FORMAT = "dwarf-with-dsym";
				ENABLE_NS_ASSERTIONS = NO;
				ENABLE_STRICT_OBJC_MSGSEND = YES;
				GCC_C_LANGUAGE_STANDARD = gnu99;
				GCC_NO_COMMON_BLOCKS = YES;
				GCC_WARN_64_TO_32_BIT_CONVERSION = YES;
				GCC_WARN_ABOUT_RETURN_TYPE = YES_ERROR;
				GCC_WARN_UNDECLARED_SELECTOR = YES;
				GCC_WARN_UNINITIALIZED_AUTOS = YES_AGGRESSIVE;
				GCC_WARN_UNUSED_FUNCTION = YES;
				GCC_WARN_UNUSED_VARIABLE = YES;
				IPHONEOS_DEPLOYMENT_TARGET = 10.3;
				MTL_ENABLE_DEBUG_INFO = NO;
				SDKROOT = iphoneos;
				TARGETED_DEVICE_FAMILY = "1,2";
				VALIDATE_PRODUCT = YES;
			};
			name = Release;
		};
		C5F4E9A11E950DE000BB108A /* Debug */ = {
			isa = XCBuildConfiguration;
			buildSettings = {
				ASSETCATALOG_COMPILER_APPICON_NAME = AppIcon;
				DEVELOPMENT_TEAM = 7HN3FL9R65;
				INFOPLIST_FILE = iosrunloop/Info.plist;
				LD_RUNPATH_SEARCH_PATHS = "$(inherited) @executable_path/Frameworks";
				PRODUCT_BUNDLE_IDENTIFIER = com.zhaorui.iosrunloop;
				PRODUCT_NAME = "$(TARGET_NAME)";
			};
			name = Debug;
		};
		C5F4E9A21E950DE000BB108A /* Release */ = {
			isa = XCBuildConfiguration;
			buildSettings = {
				ASSETCATALOG_COMPILER_APPICON_NAME = AppIcon;
				DEVELOPMENT_TEAM = 7HN3FL9R65;
				INFOPLIST_FILE = iosrunloop/Info.plist;
				LD_RUNPATH_SEARCH_PATHS = "$(inherited) @executable_path/Frameworks";
				PRODUCT_BUNDLE_IDENTIFIER = com.zhaorui.iosrunloop;
				PRODUCT_NAME = "$(TARGET_NAME)";
			};
			name = Release;
		};
/* End XCBuildConfiguration section */

/* Begin XCConfigurationList section */
		C5F4E9841E950DE000BB108A /* Build configuration list for PBXProject "iosrunloop" */ = {
			isa = XCConfigurationList;
			buildConfigurations = (
				C5F4E99E1E950DE000BB108A /* Debug */,
				C5F4E99F1E950DE000BB108A /* Release */,
			);
			defaultConfigurationIsVisible = 0;
			defaultConfigurationName = Release;
		};
		C5F4E9A01E950DE000BB108A /* Build configuration list for PBXNativeTarget "iosrunloop" */ = {
			isa = XCConfigurationList;
			buildConfigurations = (
				C5F4E9A11E950DE000BB108A /* Debug */,
				C5F4E9A21E950DE000BB108A /* Release */,
			);
			defaultConfigurationIsVisible = 0;
		};
/* End XCConfigurationList section */
	};
	rootObject = C5F4E9811E950DE000BB108A /* Project object */;
}
